Microsoft Visual Studio Solution File, Format Version 12.00
# Visual Studio 2012
Project("{FAE04EC0-301F-11D3-BF4B-00C04F79EFBC}") = "KickOff FC", "KickOff FC.csproj", "{B7F83B9C-8228-48FA-82EF-2D198A311C30}"
EndProject
Global
	GlobalSection(SolutionConfigurationPlatforms) = preSolution
	Debug|Any CPU = Debug|Any CPU
	ExportDebug|Any CPU = ExportDebug|Any CPU
	ExportRelease|Any CPU = ExportRelease|Any CPU
	EndGlobalSection
	GlobalSection(ProjectConfigurationPlatforms) = postSolution
		{B7F83B9C-8228-48FA-82EF-2D198A311C30}.Debug|Any CPU.ActiveCfg = Debug|Any CPU
		{B7F83B9C-8228-48FA-82EF-2D198A311C30}.Debug|Any CPU.Build.0 = Debug|Any CPU
		{B7F83B9C-8228-48FA-82EF-2D198A311C30}.ExportDebug|Any CPU.ActiveCfg = ExportDebug|Any CPU
		{B7F83B9C-8228-48FA-82EF-2D198A311C30}.ExportDebug|Any CPU.Build.0 = ExportDebug|Any CPU
		{B7F83B9C-8228-48FA-82EF-2D198A311C30}.ExportRelease|Any CPU.ActiveCfg = ExportRelease|Any CPU
		{B7F83B9C-8228-48FA-82EF-2D198A311C30}.ExportRelease|Any CPU.Build.0 = ExportRelease|Any CPU
	EndGlobalSection
EndGlobal
